
Microsoft Visual Studio Solution File, Format Version 12.00
# Visual Studio Version 17
VisualStudioVersion = 17.6.33815.320
MinimumVisualStudioVersion = 10.0.40219.1
Project("{FAE04EC0-301F-11D3-BF4B-00C04F79EFBC}") = "DailyJournalApplication", "DailyJournalApplication\DailyJournalApplication.csproj", "{1FF85027-B5F1-44F6-AD24-CC8ACD72B363}"
EndProject
Global
	GlobalSection(SolutionConfigurationPlatforms) = preSolution
		Debug|Any CPU = Debug|Any CPU
		Release|Any CPU = Release|Any CPU
	EndGlobalSection
	GlobalSection(ProjectConfigurationPlatforms) = postSolution
		{1FF85027-B5F1-44F6-AD24-CC8ACD72B363}.Debug|Any CPU.ActiveCfg = Debug|Any CPU
		{1FF85027-B5F1-44F6-AD24-CC8ACD72B363}.Debug|Any CPU.Build.0 = Debug|Any CPU
		{1FF85027-B5F1-44F6-AD24-CC8ACD72B363}.Release|Any CPU.ActiveCfg = Release|Any CPU
		{1FF85027-B5F1-44F6-AD24-CC8ACD72B363}.Release|Any CPU.Build.0 = Release|Any CPU
	EndGlobalSection
	GlobalSection(SolutionProperties) = preSolution
		HideSolutionNode = FALSE
	EndGlobalSection
	GlobalSection(ExtensibilityGlobals) = postSolution
		SolutionGuid = {A1F413BE-840A-4272-8805-8970B74856AE}
	EndGlobalSection
EndGlobal
